
Microsoft Visual Studio Solution File, Format Version 12.00
# Visual Studio Version 16
VisualStudioVersion = 16.0.31729.503
MinimumVisualStudioVersion = 10.0.40219.1
Project("{FAE04EC0-301F-11D3-BF4B-00C04F79EFBC}") = "CapaDatos", "CapaDatos\CapaDatos.csproj", "{8314A243-404C-4779-96DD-A91C7E439246}"
EndProject
Project("{FAE04EC0-301F-11D3-BF4B-00C04F79EFBC}") = "CapaNegocios", "CapaNegocios\CapaNegocios.csproj", "{323BFD2C-7FAC-4C72-9E44-D5D1A1C9BD45}"
EndProject
Project("{FAE04EC0-301F-11D3-BF4B-00C04F79EFBC}") = "CapaEntidades", "CapaEntidades\CapaEntidades.csproj", "{DF0CC4FE-8D17-428D-8264-6091A2904F0C}"
EndProject
Project("{FAE04EC0-301F-11D3-BF4B-00C04F79EFBC}") = "CapaPresentacion", "CapaPresentacion\CapaPresentacion.csproj", "{9ECC2E56-6CE8-4D6B-94B5-4353D141BD4A}"
EndProject
Global
	GlobalSection(SolutionConfigurationPlatforms) = preSolution
		Debug|Any CPU = Debug|Any CPU
		Release|Any CPU = Release|Any CPU
	EndGlobalSection
	GlobalSection(ProjectConfigurationPlatforms) = postSolution
		{8314A243-404C-4779-96DD-A91C7E439246}.Debug|Any CPU.ActiveCfg = Debug|Any CPU
		{8314A243-404C-4779-96DD-A91C7E439246}.Debug|Any CPU.Build.0 = Debug|Any CPU
		{8314A243-404C-4779-96DD-A91C7E439246}.Release|Any CPU.ActiveCfg = Release|Any CPU
		{8314A243-404C-4779-96DD-A91C7E439246}.Release|Any CPU.Build.0 = Release|Any CPU
		{323BFD2C-7FAC-4C72-9E44-D5D1A1C9BD45}.Debug|Any CPU.ActiveCfg = Debug|Any CPU
		{323BFD2C-7FAC-4C72-9E44-D5D1A1C9BD45}.Debug|Any CPU.Build.0 = Debug|Any CPU
		{323BFD2C-7FAC-4C72-9E44-D5D1A1C9BD45}.Release|Any CPU.ActiveCfg = Release|Any CPU
		{323BFD2C-7FAC-4C72-9E44-D5D1A1C9BD45}.Release|Any CPU.Build.0 = Release|Any CPU
		{DF0CC4FE-8D17-428D-8264-6091A2904F0C}.Debug|Any CPU.ActiveCfg = Debug|Any CPU
		{DF0CC4FE-8D17-428D-8264-6091A2904F0C}.Debug|Any CPU.Build.0 = Debug|Any CPU
		{DF0CC4FE-8D17-428D-8264-6091A2904F0C}.Release|Any CPU.ActiveCfg = Release|Any CPU
		{DF0CC4FE-8D17-428D-8264-6091A2904F0C}.Release|Any CPU.Build.0 = Release|Any CPU
		{9ECC2E56-6CE8-4D6B-94B5-4353D141BD4A}.Debug|Any CPU.ActiveCfg = Debug|Any CPU
		{9ECC2E56-6CE8-4D6B-94B5-4353D141BD4A}.Debug|Any CPU.Build.0 = Debug|Any CPU
		{9ECC2E56-6CE8-4D6B-94B5-4353D141BD4A}.Release|Any CPU.ActiveCfg = Release|Any CPU
		{9ECC2E56-6CE8-4D6B-94B5-4353D141BD4A}.Release|Any CPU.Build.0 = Release|Any CPU
	EndGlobalSection
	GlobalSection(SolutionProperties) = preSolution
		HideSolutionNode = FALSE
	EndGlobalSection
	GlobalSection(ExtensibilityGlobals) = postSolution
		SolutionGuid = {8986B2AC-2B98-4BFF-8059-BE6A8EC9FAB8}
	EndGlobalSection
EndGlobal
